// !$*UTF8*$!
{
	archiveVersion = 1;
	classes = {
	};
	objectVersion = 48;
	objects = {

/* Begin PBXBuildFile section */
		6DF357F62046B7FDD3E8B573 /* Pods_ParseChat.framework in Frameworks */ = {isa = PBXBuildFile; fileRef = 425A0B39949C4B3A8B6119D4 /* Pods_ParseChat.framework */; };
		8F26ADBEAED93871CFB7824F /* Pods_ParseChatTests.framework in Frameworks */ = {isa = PBXBuildFile; fileRef = D616556434CE92C81427A014 /* Pods_ParseChatTests.framework */; };
		D39926B60072B7E37E94ECC3 /* Pods_ParseChatUITests.framework in Frameworks */ = {isa = PBXBuildFile; fileRef = FE2FFE2E10956849A4D9B20A /* Pods_ParseChatUITests.framework */; };
		D451CFE520282C8C000E19A3 /* AppDelegate.swift in Sources */ = {isa = PBXBuildFile; fileRef = D451CFE420282C8C000E19A3 /* AppDelegate.swift */; };
		D451CFEA20282C8C000E19A3 /* Main.storyboard in Resources */ = {isa = PBXBuildFile; fileRef = D451CFE820282C8C000E19A3 /* Main.storyboard */; };
		D451CFEC20282C8C000E19A3 /* Assets.xcassets in Resources */ = {isa = PBXBuildFile; fileRef = D451CFEB20282C8C000E19A3 /* Assets.xcassets */; };
		D451CFEF20282C8C000E19A3 /* LaunchScreen.storyboard in Resources */ = {isa = PBXBuildFile; fileRef = D451CFED20282C8C000E19A3 /* LaunchScreen.storyboard */; };
		D451CFFA20282C8C000E19A3 /* ParseChatTests.swift in Sources */ = {isa = PBXBuildFile; fileRef = D451CFF920282C8C000E19A3 /* ParseChatTests.swift */; };
		D451D00520282C8C000E19A3 /* ParseChatUITests.swift in Sources */ = {isa = PBXBuildFile; fileRef = D451D00420282C8C000E19A3 /* ParseChatUITests.swift */; };
		D451D013202830E2000E19A3 /* LoginViewController.swift in Sources */ = {isa = PBXBuildFile; fileRef = D451D012202830E2000E19A3 /* LoginViewController.swift */; };
		D4522F4C2028E7B700CC40D0 /* ChatCell.swift in Sources */ = {isa = PBXBuildFile; fileRef = D4522F4B2028E7B700CC40D0 /* ChatCell.swift */; };
		D4BC56352028DC19008F37B4 /* ChatViewController.swift in Sources */ = {isa = PBXBuildFile; fileRef = D4BC56342028DC19008F37B4 /* ChatViewController.swift */; };
/* End PBXBuildFile section */

/* Begin PBXContainerItemProxy section */
		D451CFF620282C8C000E19A3 /* PBXContainerItemProxy */ = {
			isa = PBXContainerItemProxy;
			containerPortal = D451CFD920282C8B000E19A3 /* Project object */;
			proxyType = 1;
			remoteGlobalIDString = D451CFE020282C8B000E19A3;
			remoteInfo = ParseChat;
		};
		D451D00120282C8C000E19A3 /* PBXContainerItemProxy */ = {
			isa = PBXContainerItemProxy;
			containerPortal = D451CFD920282C8B000E19A3 /* Project object */;
			proxyType = 1;
			remoteGlobalIDString = D451CFE020282C8B000E19A3;
			remoteInfo = ParseChat;
		};
/* End PBXContainerItemProxy section */

/* Begin PBXFileReference section */
		07E949C4A771F444864258FE /* Pods-ParseChatTests.debug.xcconfig */ = {isa = PBXFileReference; includeInIndex = 1; lastKnownFileType = text.xcconfig; name = "Pods-ParseChatTests.debug.xcconfig"; path = "Pods/Target Support Files/Pods-ParseChatTests/Pods-ParseChatTests.debug.xcconfig"; sourceTree = "<group>"; };
		335FF7A86E884844D2AC9E4C /* Pods-ParseChatTests.release.xcconfig */ = {isa = PBXFileReference; includeInIndex = 1; lastKnownFileType = text.xcconfig; name = "Pods-ParseChatTests.release.xcconfig"; path = "Pods/Target Support Files/Pods-ParseChatTests/Pods-ParseChatTests.release.xcconfig"; sourceTree = "<group>"; };
		39A2784B4101AC4C761D4B6A /* Pods-ParseChatUITests.debug.xcconfig */ = {isa = PBXFileReference; includeInIndex = 1; lastKnownFileType = text.xcconfig; name = "Pods-ParseChatUITests.debug.xcconfig"; path = "Pods/Target Support Files/Pods-ParseChatUITests/Pods-ParseChatUITests.debug.xcconfig"; sourceTree = "<group>"; };
		425A0B39949C4B3A8B6119D4 /* Pods_ParseChat.framework */ = {isa = PBXFileReference; explicitFileType = wrapper.framework; includeInIndex = 0; path = Pods_ParseChat.framework; sourceTree = BUILT_PRODUCTS_DIR; };
		7CF2C519334D7ED0406801D6 /* Pods-ParseChat.release.xcconfig */ = {isa = PBXFileReference; includeInIndex = 1; lastKnownFileType = text.xcconfig; name = "Pods-ParseChat.release.xcconfig"; path = "Pods/Target Support Files/Pods-ParseChat/Pods-ParseChat.release.xcconfig"; sourceTree = "<group>"; };
		BD44DFE1AC85B6150AF14686 /* Pods-ParseChatUITests.release.xcconfig */ = {isa = PBXFileReference; includeInIndex = 1; lastKnownFileType = text.xcconfig; name = "Pods-ParseChatUITests.release.xcconfig"; path = "Pods/Target Support Files/Pods-ParseChatUITests/Pods-ParseChatUITests.release.xcconfig"; sourceTree = "<group>"; };
		D0F018AB809448D6C82927B5 /* Pods-ParseChat.debug.xcconfig */ = {isa = PBXFileReference; includeInIndex = 1; lastKnownFileType = text.xcconfig; name = "Pods-ParseChat.debug.xcconfig"; path = "Pods/Target Support Files/Pods-ParseChat/Pods-ParseChat.debug.xcconfig"; sourceTree = "<group>"; };
		D451CFE120282C8B000E19A3 /* ParseChat.app */ = {isa = PBXFileReference; explicitFileType = wrapper.application; includeInIndex = 0; path = ParseChat.app; sourceTree = BUILT_PRODUCTS_DIR; };
		D451CFE420282C8C000E19A3 /* AppDelegate.swift */ = {isa = PBXFileReference; lastKnownFileType = sourcecode.swift; path = AppDelegate.swift; sourceTree = "<group>"; };
		D451CFE920282C8C000E19A3 /* Base */ = {isa = PBXFileReference; lastKnownFileType = file.storyboard; name = Base; path = Base.lproj/Main.storyboard; sourceTree = "<group>"; };
		D451CFEB20282C8C000E19A3 /* Assets.xcassets */ = {isa = PBXFileReference; lastKnownFileType = folder.assetcatalog; path = Assets.xcassets; sourceTree = "<group>"; };
		D451CFEE20282C8C000E19A3 /* Base */ = {isa = PBXFileReference; lastKnownFileType = file.storyboard; name = Base; path = Base.lproj/LaunchScreen.storyboard; sourceTree = "<group>"; };
		D451CFF020282C8C000E19A3 /* Info.plist */ = {isa = PBXFileReference; lastKnownFileType = text.plist.xml; path = Info.plist; sourceTree = "<group>"; };
		D451CFF520282C8C000E19A3 /* ParseChatTests.xctest */ = {isa = PBXFileReference; explicitFileType = wrapper.cfbundle; includeInIndex = 0; path = ParseChatTests.xctest; sourceTree = BUILT_PRODUCTS_DIR; };
		D451CFF920282C8C000E19A3 /* ParseChatTests.swift */ = {isa = PBXFileReference; lastKnownFileType = sourcecode.swift; path = ParseChatTests.swift; sourceTree = "<group>"; };
		D451CFFB20282C8C000E19A3 /* Info.plist */ = {isa = PBXFileReference; lastKnownFileType = text.plist.xml; path = Info.plist; sourceTree = "<group>"; };
		D451D00020282C8C000E19A3 /* ParseChatUITests.xctest */ = {isa = PBXFileReference; explicitFileType = wrapper.cfbundle; includeInIndex = 0; path = ParseChatUITests.xctest; sourceTree = BUILT_PRODUCTS_DIR; };
		D451D00420282C8C000E19A3 /* ParseChatUITests.swift */ = {isa = PBXFileReference; lastKnownFileType = sourcecode.swift; path = ParseChatUITests.swift; sourceTree = "<group>"; };
		D451D00620282C8C000E19A3 /* Info.plist */ = {isa = PBXFileReference; lastKnownFileType = text.plist.xml; path = Info.plist; sourceTree = "<group>"; };
		D451D012202830E2000E19A3 /* LoginViewController.swift */ = {isa = PBXFileReference; lastKnownFileType = sourcecode.swift; path = LoginViewController.swift; sourceTree = "<group>"; };
		D4522F4B2028E7B700CC40D0 /* ChatCell.swift */ = {isa = PBXFileReference; lastKnownFileType = sourcecode.swift; path = ChatCell.swift; sourceTree = "<group>"; };
		D4BC56342028DC19008F37B4 /* ChatViewController.swift */ = {isa = PBXFileReference; lastKnownFileType = sourcecode.swift; path = ChatViewController.swift; sourceTree = "<group>"; };
		D616556434CE92C81427A014 /* Pods_ParseChatTests.framework */ = {isa = PBXFileReference; explicitFileType = wrapper.framework; includeInIndex = 0; path = Pods_ParseChatTests.framework; sourceTree = BUILT_PRODUCTS_DIR; };
		FE2FFE2E10956849A4D9B20A /* Pods_ParseChatUITests.framework */ = {isa = PBXFileReference; explicitFileType = wrapper.framework; includeInIndex = 0; path = Pods_ParseChatUITests.framework; sourceTree = BUILT_PRODUCTS_DIR; };
/* End PBXFileReference section */

/* Begin PBXFrameworksBuildPhase section */
		D451CFDE20282C8B000E19A3 /* Frameworks */ = {
			isa = PBXFrameworksBuildPhase;
			buildActionMask = 2147483647;
			files = (
				6DF357F62046B7FDD3E8B573 /* Pods_ParseChat.framework in Frameworks */,
			);
			runOnlyForDeploymentPostprocessing = 0;
		};
		D451CFF220282C8C000E19A3 /* Frameworks */ = {
			isa = PBXFrameworksBuildPhase;
			buildActionMask = 2147483647;
			files = (
				8F26ADBEAED93871CFB7824F /* Pods_ParseChatTests.framework in Frameworks */,
			);
			runOnlyForDeploymentPostprocessing = 0;
		};
		D451CFFD20282C8C000E19A3 /* Frameworks */ = {
			isa = PBXFrameworksBuildPhase;
			buildActionMask = 2147483647;
			files = (
				D39926B60072B7E37E94ECC3 /* Pods_ParseChatUITests.framework in Frameworks */,
			);
			runOnlyForDeploymentPostprocessing = 0;
		};
/* End PBXFrameworksBuildPhase section */

/* Begin PBXGroup section */
		34D9172C3EDD6325C8354284 /* Pods */ = {
			isa = PBXGroup;
			children = (
				D0F018AB809448D6C82927B5 /* Pods-ParseChat.debug.xcconfig */,
				7CF2C519334D7ED0406801D6 /* Pods-ParseChat.release.xcconfig */,
				07E949C4A771F444864258FE /* Pods-ParseChatTests.debug.xcconfig */,
				335FF7A86E884844D2AC9E4C /* Pods-ParseChatTests.release.xcconfig */,
				39A2784B4101AC4C761D4B6A /* Pods-ParseChatUITests.debug.xcconfig */,
				BD44DFE1AC85B6150AF14686 /* Pods-ParseChatUITests.release.xcconfig */,
			);
			name = Pods;
			sourceTree = "<group>";
		};
		7A0835A5E1A4F0D8B8BE1044 /* Frameworks */ = {
			isa = PBXGroup;
			children = (
				425A0B39949C4B3A8B6119D4 /* Pods_ParseChat.framework */,
				D616556434CE92C81427A014 /* Pods_ParseChatTests.framework */,
				FE2FFE2E10956849A4D9B20A /* Pods_ParseChatUITests.framework */,
			);
			name = Frameworks;
			sourceTree = "<group>";
		};
		D451CFD820282C8B000E19A3 = {
			isa = PBXGroup;
			children = (
				D451CFE320282C8B000E19A3 /* ParseChat */,
				D451CFF820282C8C000E19A3 /* ParseChatTests */,
				D451D00320282C8C000E19A3 /* ParseChatUITests */,
				D451CFE220282C8B000E19A3 /* Products */,
				34D9172C3EDD6325C8354284 /* Pods */,
				7A0835A5E1A4F0D8B8BE1044 /* Frameworks */,
			);
			sourceTree = "<group>";
		};
		D451CFE220282C8B000E19A3 /* Products */ = {
			isa = PBXGroup;
			children = (
				D451CFE120282C8B000E19A3 /* ParseChat.app */,
				D451CFF520282C8C000E19A3 /* ParseChatTests.xctest */,
				D451D00020282C8C000E19A3 /* ParseChatUITests.xctest */,
			);
			name = Products;
			sourceTree = "<group>";
		};
		D451CFE320282C8B000E19A3 /* ParseChat */ = {
			isa = PBXGroup;
			children = (
				D451CFE420282C8C000E19A3 /* AppDelegate.swift */,
				D451CFE820282C8C000E19A3 /* Main.storyboard */,
				D451CFEB20282C8C000E19A3 /* Assets.xcassets */,
				D451CFED20282C8C000E19A3 /* LaunchScreen.storyboard */,
				D451CFF020282C8C000E19A3 /* Info.plist */,
				D451D012202830E2000E19A3 /* LoginViewController.swift */,
				D4BC56342028DC19008F37B4 /* ChatViewController.swift */,
				D4522F4B2028E7B700CC40D0 /* ChatCell.swift */,
			);
			path = ParseChat;
			sourceTree = "<group>";
		};
		D451CFF820282C8C000E19A3 /* ParseChatTests */ = {
			isa = PBXGroup;
			children = (
				D451CFF920282C8C000E19A3 /* ParseChatTests.swift */,
				D451CFFB20282C8C000E19A3 /* Info.plist */,
			);
			path = ParseChatTests;
			sourceTree = "<group>";
		};
		D451D00320282C8C000E19A3 /* ParseChatUITests */ = {
			isa = PBXGroup;
			children = (
				D451D00420282C8C000E19A3 /* ParseChatUITests.swift */,
				D451D00620282C8C000E19A3 /* Info.plist */,
			);
			path = ParseChatUITests;
			sourceTree = "<group>";
		};
/* End PBXGroup section */

/* Begin PBXNativeTarget section */
		D451CFE020282C8B000E19A3 /* ParseChat */ = {
			isa = PBXNativeTarget;
			buildConfigurationList = D451D00920282C8C000E19A3 /* Build configuration list for PBXNativeTarget "ParseChat" */;
			buildPhases = (
				313253952D8378D2CE251540 /* [CP] Check Pods Manifest.lock */,
				D451CFDD20282C8B000E19A3 /* Sources */,
				D451CFDE20282C8B000E19A3 /* Frameworks */,
				D451CFDF20282C8B000E19A3 /* Resources */,
				CD9D17E8DE60F2801DE42F96 /* [CP] Embed Pods Frameworks */,
				11AD7741ABB1A3CB1B83F2D8 /* [CP] Copy Pods Resources */,
			);
			buildRules = (
			);
			dependencies = (
			);
			name = ParseChat;
			productName = ParseChat;
			productReference = D451CFE120282C8B000E19A3 /* ParseChat.app */;
			productType = "com.apple.product-type.application";
		};
		D451CFF420282C8C000E19A3 /* ParseChatTests */ = {
			isa = PBXNativeTarget;
			buildConfigurationList = D451D00C20282C8C000E19A3 /* Build configuration list for PBXNativeTarget "ParseChatTests" */;
			buildPhases = (
				44A5516629D3E87D4FD36C8B /* [CP] Check Pods Manifest.lock */,
				D451CFF120282C8C000E19A3 /* Sources */,
				D451CFF220282C8C000E19A3 /* Frameworks */,
				D451CFF320282C8C000E19A3 /* Resources */,
				C9506C7DF161A7A5EAF8134D /* [CP] Embed Pods Frameworks */,
				3F055B2587FBF901DE8F7E0C /* [CP] Copy Pods Resources */,
			);
			buildRules = (
			);
			dependencies = (
				D451CFF720282C8C000E19A3 /* PBXTargetDependency */,
			);
			name = ParseChatTests;
			productName = ParseChatTests;
			productReference = D451CFF520282C8C000E19A3 /* ParseChatTests.xctest */;
			productType = "com.apple.product-type.bundle.unit-test";
		};
		D451CFFF20282C8C000E19A3 /* ParseChatUITests */ = {
			isa = PBXNativeTarget;
			buildConfigurationList = D451D00F20282C8C000E19A3 /* Build configuration list for PBXNativeTarget "ParseChatUITests" */;
			buildPhases = (
				0795B64FEF00B2CEAD66E7A7 /* [CP] Check Pods Manifest.lock */,
				D451CFFC20282C8C000E19A3 /* Sources */,
				D451CFFD20282C8C000E19A3 /* Frameworks */,
				D451CFFE20282C8C000E19A3 /* Resources */,
				9BC411C6CE8ED917550F7D18 /* [CP] Embed Pods Frameworks */,
				9AA49D18CE1A2670A8825F55 /* [CP] Copy Pods Resources */,
			);
			buildRules = (
			);
			dependencies = (
				D451D00220282C8C000E19A3 /* PBXTargetDependency */,
			);
			name = ParseChatUITests;
			productName = ParseChatUITests;
			productReference = D451D00020282C8C000E19A3 /* ParseChatUITests.xctest */;
			productType = "com.apple.product-type.bundle.ui-testing";
		};
/* End PBXNativeTarget section */

/* Begin PBXProject section */
		D451CFD920282C8B000E19A3 /* Project object */ = {
			isa = PBXProject;
			attributes = {
				LastSwiftUpdateCheck = 0920;
				LastUpgradeCheck = 0920;
				ORGANIZATIONNAME = "Dhriti Chawla";
				TargetAttributes = {
					D451CFE020282C8B000E19A3 = {
						CreatedOnToolsVersion = 9.2;
						ProvisioningStyle = Automatic;
					};
					D451CFF420282C8C000E19A3 = {
						CreatedOnToolsVersion = 9.2;
						ProvisioningStyle = Automatic;
						TestTargetID = D451CFE020282C8B000E19A3;
					};
					D451CFFF20282C8C000E19A3 = {
						CreatedOnToolsVersion = 9.2;
						ProvisioningStyle = Automatic;
						TestTargetID = D451CFE020282C8B000E19A3;
					};
				};
			};
			buildConfigurationList = D451CFDC20282C8B000E19A3 /* Build configuration list for PBXProject "ParseChat" */;
			compatibilityVersion = "Xcode 8.0";
			developmentRegion = en;
			hasScannedForEncodings = 0;
			knownRegions = (
				en,
				Base,
			);
			mainGroup = D451CFD820282C8B000E19A3;
			productRefGroup = D451CFE220282C8B000E19A3 /* Products */;
			projectDirPath = "";
			projectRoot = "";
			targets = (
				D451CFE020282C8B000E19A3 /* ParseChat */,
				D451CFF420282C8C000E19A3 /* ParseChatTests */,
				D451CFFF20282C8C000E19A3 /* ParseChatUITests */,
			);
		};
/* End PBXProject section */

/* Begin PBXResourcesBuildPhase section */
		D451CFDF20282C8B000E19A3 /* Resources */ = {
			isa = PBXResourcesBuildPhase;
			buildActionMask = 2147483647;
			files = (
				D451CFEF20282C8C000E19A3 /* LaunchScreen.storyboard in Resources */,
				D451CFEC20282C8C000E19A3 /* Assets.xcassets in Resources */,
				D451CFEA20282C8C000E19A3 /* Main.storyboard in Resources */,
			);
			runOnlyForDeploymentPostprocessing = 0;
		};
		D451CFF320282C8C000E19A3 /* Resources */ = {
			isa = PBXResourcesBuildPhase;
			buildActionMask = 2147483647;
			files = (
			);
			runOnlyForDeploymentPostprocessing = 0;
		};
		D451CFFE20282C8C000E19A3 /* Resources */ = {
			isa = PBXResourcesBuildPhase;
			buildActionMask = 2147483647;
			files = (
			);
			runOnlyForDeploymentPostprocessing = 0;
		};
/* End PBXResourcesBuildPhase section */

/* Begin PBXShellScriptBuildPhase section */
		0795B64FEF00B2CEAD66E7A7 /* [CP] Check Pods Manifest.lock */ = {
			isa = PBXShellScriptBuildPhase;
			buildActionMask = 2147483647;
			files = (
			);
			inputPaths = (
				"${PODS_PODFILE_DIR_PATH}/Podfile.lock",
				"${PODS_ROOT}/Manifest.lock",
			);
			name = "[CP] Check Pods Manifest.lock";
			outputPaths = (
				"$(DERIVED_FILE_DIR)/Pods-ParseChatUITests-checkManifestLockResult.txt",
			);
			runOnlyForDeploymentPostprocessing = 0;
			shellPath = /bin/sh;
			shellScript = "diff \"${PODS_PODFILE_DIR_PATH}/Podfile.lock\" \"${PODS_ROOT}/Manifest.lock\" > /dev/null\nif [ $? != 0 ] ; then\n    # print error to STDERR\n    echo \"error: The sandbox is not in sync with the Podfile.lock. Run 'pod install' or update your CocoaPods installation.\" >&2\n    exit 1\nfi\n# This output is used by Xcode 'outputs' to avoid re-running this script phase.\necho \"SUCCESS\" > \"${SCRIPT_OUTPUT_FILE_0}\"\n";
			showEnvVarsInLog = 0;
		};
		11AD7741ABB1A3CB1B83F2D8 /* [CP] Copy Pods Resources */ = {
			isa = PBXShellScriptBuildPhase;
			buildActionMask = 2147483647;
			files = (
			);
			inputPaths = (
			);
			name = "[CP] Copy Pods Resources";
			outputPaths = (
			);
			runOnlyForDeploymentPostprocessing = 0;
			shellPath = /bin/sh;
			shellScript = "\"${SRCROOT}/Pods/Target Support Files/Pods-ParseChat/Pods-ParseChat-resources.sh\"\n";
			showEnvVarsInLog = 0;
		};
		313253952D8378D2CE251540 /* [CP] Check Pods Manifest.lock */ = {
			isa = PBXShellScriptBuildPhase;
			buildActionMask = 2147483647;
			files = (
			);
			inputPaths = (
				"${PODS_PODFILE_DIR_PATH}/Podfile.lock",
				"${PODS_ROOT}/Manifest.lock",
			);
			name = "[CP] Check Pods Manifest.lock";
			outputPaths = (
				"$(DERIVED_FILE_DIR)/Pods-ParseChat-checkManifestLockResult.txt",
			);
			runOnlyForDeploymentPostprocessing = 0;
			shellPath = /bin/sh;
			shellScript = "diff \"${PODS_PODFILE_DIR_PATH}/Podfile.lock\" \"${PODS_ROOT}/Manifest.lock\" > /dev/null\nif [ $? != 0 ] ; then\n    # print error to STDERR\n    echo \"error: The sandbox is not in sync with the Podfile.lock. Run 'pod install' or update your CocoaPods installation.\" >&2\n    exit 1\nfi\n# This output is used by Xcode 'outputs' to avoid re-running this script phase.\necho \"SUCCESS\" > \"${SCRIPT_OUTPUT_FILE_0}\"\n";
			showEnvVarsInLog = 0;
		};
		3F055B2587FBF901DE8F7E0C /* [CP] Copy Pods Resources */ = {
			isa = PBXShellScriptBuildPhase;
			buildActionMask = 2147483647;
			files = (
			);
			inputPaths = (
			);
			name = "[CP] Copy Pods Resources";
			outputPaths = (
			);
			runOnlyForDeploymentPostprocessing = 0;
			shellPath = /bin/sh;
			shellScript = "\"${SRCROOT}/Pods/Target Support Files/Pods-ParseChatTests/Pods-ParseChatTests-resources.sh\"\n";
			showEnvVarsInLog = 0;
		};
		44A5516629D3E87D4FD36C8B /* [CP] Check Pods Manifest.lock */ = {
			isa = PBXShellScriptBuildPhase;
			buildActionMask = 2147483647;
			files = (
			);
			inputPaths = (
				"${PODS_PODFILE_DIR_PATH}/Podfile.lock",
				"${PODS_ROOT}/Manifest.lock",
			);
			name = "[CP] Check Pods Manifest.lock";
			outputPaths = (
				"$(DERIVED_FILE_DIR)/Pods-ParseChatTests-checkManifestLockResult.txt",
			);
			runOnlyForDeploymentPostprocessing = 0;
			shellPath = /bin/sh;
			shellScript = "diff \"${PODS_PODFILE_DIR_PATH}/Podfile.lock\" \"${PODS_ROOT}/Manifest.lock\" > /dev/null\nif [ $? != 0 ] ; then\n    # print error to STDERR\n    echo \"error: The sandbox is not in sync with the Podfile.lock. Run 'pod install' or update your CocoaPods installation.\" >&2\n    exit 1\nfi\n# This output is used by Xcode 'outputs' to avoid re-running this script phase.\necho \"SUCCESS\" > \"${SCRIPT_OUTPUT_FILE_0}\"\n";
			showEnvVarsInLog = 0;
		};
		9AA49D18CE1A2670A8825F55 /* [CP] Copy Pods Resources */ = {
			isa = PBXShellScriptBuildPhase;
			buildActionMask = 2147483647;
			files = (
			);
			inputPaths = (
			);
			name = "[CP] Copy Pods Resources";
			outputPaths = (
			);
			runOnlyForDeploymentPostprocessing = 0;
			shellPath = /bin/sh;
			shellScript = "\"${SRCROOT}/Pods/Target Support Files/Pods-ParseChatUITests/Pods-ParseChatUITests-resources.sh\"\n";
			showEnvVarsInLog = 0;
		};
		9BC411C6CE8ED917550F7D18 /* [CP] Embed Pods Frameworks */ = {
			isa = PBXShellScriptBuildPhase;
			buildActionMask = 2147483647;
			files = (
			);
			inputPaths = (
			);
			name = "[CP] Embed Pods Frameworks";
			outputPaths = (
			);
			runOnlyForDeploymentPostprocessing = 0;
			shellPath = /bin/sh;
			shellScript = "\"${SRCROOT}/Pods/Target Support Files/Pods-ParseChatUITests/Pods-ParseChatUITests-frameworks.sh\"\n";
			showEnvVarsInLog = 0;
		};
		C9506C7DF161A7A5EAF8134D /* [CP] Embed Pods Frameworks */ = {
			isa = PBXShellScriptBuildPhase;
			buildActionMask = 2147483647;
			files = (
			);
			inputPaths = (
			);
			name = "[CP] Embed Pods Frameworks";
			outputPaths = (
			);
			runOnlyForDeploymentPostprocessing = 0;
			shellPath = /bin/sh;
			shellScript = "\"${SRCROOT}/Pods/Target Support Files/Pods-ParseChatTests/Pods-ParseChatTests-frameworks.sh\"\n";
			showEnvVarsInLog = 0;
		};
		CD9D17E8DE60F2801DE42F96 /* [CP] Embed Pods Frameworks */ = {
			isa = PBXShellScriptBuildPhase;
			buildActionMask = 2147483647;
			files = (
			);
			inputPaths = (
				"${SRCROOT}/Pods/Target Support Files/Pods-ParseChat/Pods-ParseChat-frameworks.sh",
				"${BUILT_PRODUCTS_DIR}/Bolts/Bolts.framework",
				"${BUILT_PRODUCTS_DIR}/Parse/Parse.framework",
			);
			name = "[CP] Embed Pods Frameworks";
			outputPaths = (
				"${TARGET_BUILD_DIR}/${FRAMEWORKS_FOLDER_PATH}/Bolts.framework",
				"${TARGET_BUILD_DIR}/${FRAMEWORKS_FOLDER_PATH}/Parse.framework",
			);
			runOnlyForDeploymentPostprocessing = 0;
			shellPath = /bin/sh;
			shellScript = "\"${SRCROOT}/Pods/Target Support Files/Pods-ParseChat/Pods-ParseChat-frameworks.sh\"\n";
			showEnvVarsInLog = 0;
		};
/* End PBXShellScriptBuildPhase section */

/* Begin PBXSourcesBuildPhase section */
		D451CFDD20282C8B000E19A3 /* Sources */ = {
			isa = PBXSourcesBuildPhase;
			buildActionMask = 2147483647;
			files = (
				D451D013202830E2000E19A3 /* LoginViewController.swift in Sources */,
				D4522F4C2028E7B700CC40D0 /* ChatCell.swift in Sources */,
				D4BC56352028DC19008F37B4 /* ChatViewController.swift in Sources */,
				D451CFE520282C8C000E19A3 /* AppDelegate.swift in Sources */,
			);
			runOnlyForDeploymentPostprocessing = 0;
		};
		D451CFF120282C8C000E19A3 /* Sources */ = {
			isa = PBXSourcesBuildPhase;
			buildActionMask = 2147483647;
			files = (
				D451CFFA20282C8C000E19A3 /* ParseChatTests.swift in Sources */,
			);
			runOnlyForDeploymentPostprocessing = 0;
		};
		D451CFFC20282C8C000E19A3 /* Sources */ = {
			isa = PBXSourcesBuildPhase;
			buildActionMask = 2147483647;
			files = (
				D451D00520282C8C000E19A3 /* ParseChatUITests.swift in Sources */,
			);
			runOnlyForDeploymentPostprocessing = 0;
		};
/* End PBXSourcesBuildPhase section */

/* Begin PBXTargetDependency section */
		D451CFF720282C8C000E19A3 /* PBXTargetDependency */ = {
			isa = PBXTargetDependency;
			target = D451CFE020282C8B000E19A3 /* ParseChat */;
			targetProxy = D451CFF620282C8C000E19A3 /* PBXContainerItemProxy */;
		};
		D451D00220282C8C000E19A3 /* PBXTargetDependency */ = {
			isa = PBXTargetDependency;
			target = D451CFE020282C8B000E19A3 /* ParseChat */;
			targetProxy = D451D00120282C8C000E19A3 /* PBXContainerItemProxy */;
		};
/* End PBXTargetDependency section */

/* Begin PBXVariantGroup section */
		D451CFE820282C8C000E19A3 /* Main.storyboard */ = {
			isa = PBXVariantGroup;
			children = (
				D451CFE920282C8C000E19A3 /* Base */,
			);
			name = Main.storyboard;
			sourceTree = "<group>";
		};
		D451CFED20282C8C000E19A3 /* LaunchScreen.storyboard */ = {
			isa = PBXVariantGroup;
			children = (
				D451CFEE20282C8C000E19A3 /* Base */,
			);
			name = LaunchScreen.storyboard;
			sourceTree = "<group>";
		};
/* End PBXVariantGroup section */

/* Begin XCBuildConfiguration section */
		D451D00720282C8C000E19A3 /* Debug */ = {
			isa = XCBuildConfiguration;
			buildSettings = {
				ALWAYS_SEARCH_USER_PATHS = NO;
				CLANG_ANALYZER_NONNULL = YES;
				CLANG_ANALYZER_NUMBER_OBJECT_CONVERSION = YES_AGGRESSIVE;
				CLANG_CXX_LANGUAGE_STANDARD = "gnu++14";
				CLANG_CXX_LIBRARY = "libc++";
				CLANG_ENABLE_MODULES = YES;
				CLANG_ENABLE_OBJC_ARC = YES;
				CLANG_WARN_BLOCK_CAPTURE_AUTORELEASING = YES;
				CLANG_WARN_BOOL_CONVERSION = YES;
				CLANG_WARN_COMMA = YES;
				CLANG_WARN_CONSTANT_CONVERSION = YES;
				CLANG_WARN_DIRECT_OBJC_ISA_USAGE = YES_ERROR;
				CLANG_WARN_DOCUMENTATION_COMMENTS = YES;
				CLANG_WARN_EMPTY_BODY = YES;
				CLANG_WARN_ENUM_CONVERSION = YES;
				CLANG_WARN_INFINITE_RECURSION = YES;
				CLANG_WARN_INT_CONVERSION = YES;
				CLANG_WARN_NON_LITERAL_NULL_CONVERSION = YES;
				CLANG_WARN_OBJC_LITERAL_CONVERSION = YES;
				CLANG_WARN_OBJC_ROOT_CLASS = YES_ERROR;
				CLANG_WARN_RANGE_LOOP_ANALYSIS = YES;
				CLANG_WARN_STRICT_PROTOTYPES = YES;
				CLANG_WARN_SUSPICIOUS_MOVE = YES;
				CLANG_WARN_UNGUARDED_AVAILABILITY = YES_AGGRESSIVE;
				CLANG_WARN_UNREACHABLE_CODE = YES;
				CLANG_WARN__DUPLICATE_METHOD_MATCH = YES;
				CODE_SIGN_IDENTITY = "iPhone Developer";
				COPY_PHASE_STRIP = NO;
				DEBUG_INFORMATION_FORMAT = dwarf;
				ENABLE_STRICT_OBJC_MSGSEND = YES;
				ENABLE_TESTABILITY = YES;
				GCC_C_LANGUAGE_STANDARD = gnu11;
				GCC_DYNAMIC_NO_PIC = NO;
				GCC_NO_COMMON_BLOCKS = YES;
				GCC_OPTIMIZATION_LEVEL = 0;
				GCC_PREPROCESSOR_DEFINITIONS = (
					"DEBUG=1",
					"$(inherited)",
				);
				GCC_WARN_64_TO_32_BIT_CONVERSION = YES;
				GCC_WARN_ABOUT_RETURN_TYPE = YES_ERROR;
				GCC_WARN_UNDECLARED_SELECTOR = YES;
				GCC_WARN_UNINITIALIZED_AUTOS = YES_AGGRESSIVE;
				GCC_WARN_UNUSED_FUNCTION = YES;
				GCC_WARN_UNUSED_VARIABLE = YES;
				IPHONEOS_DEPLOYMENT_TARGET = 11.2;
				MTL_ENABLE_DEBUG_INFO = YES;
				ONLY_ACTIVE_ARCH = YES;
				SDKROOT = iphoneos;
				SWIFT_ACTIVE_COMPILATION_CONDITIONS = DEBUG;
				SWIFT_OPTIMIZATION_LEVEL = "-Onone";
			};
			name = Debug;
		};
		D451D00820282C8C000E19A3 /* Release */ = {
			isa = XCBuildConfiguration;
			buildSettings = {
				ALWAYS_SEARCH_USER_PATHS = NO;
				CLANG_ANALYZER_NONNULL = YES;
				CLANG_ANALYZER_NUMBER_OBJECT_CONVERSION = YES_AGGRESSIVE;
				CLANG_CXX_LANGUAGE_STANDARD = "gnu++14";
				CLANG_CXX_LIBRARY = "libc++";
				CLANG_ENABLE_MODULES = YES;
				CLANG_ENABLE_OBJC_ARC = YES;
				CLANG_WARN_BLOCK_CAPTURE_AUTORELEASING = YES;
				CLANG_WARN_BOOL_CONVERSION = YES;
				CLANG_WARN_COMMA = YES;
				CLANG_WARN_CONSTANT_CONVERSION = YES;
				CLANG_WARN_DIRECT_OBJC_ISA_USAGE = YES_ERROR;
				CLANG_WARN_DOCUMENTATION_COMMENTS = YES;
				CLANG_WARN_EMPTY_BODY = YES;
				CLANG_WARN_ENUM_CONVERSION = YES;
				CLANG_WARN_INFINITE_RECURSION = YES;
				CLANG_WARN_INT_CONVERSION = YES;
				CLANG_WARN_NON_LITERAL_NULL_CONVERSION = YES;
				CLANG_WARN_OBJC_LITERAL_CONVERSION = YES;
				CLANG_WARN_OBJC_ROOT_CLASS = YES_ERROR;
				CLANG_WARN_RANGE_LOOP_ANALYSIS = YES;
				CLANG_WARN_STRICT_PROTOTYPES = YES;
				CLANG_WARN_SUSPICIOUS_MOVE = YES;
				CLANG_WARN_UNGUARDED_AVAILABILITY = YES_AGGRESSIVE;
				CLANG_WARN_UNREACHABLE_CODE = YES;
				CLANG_WARN__DUPLICATE_METHOD_MATCH = YES;
				CODE_SIGN_IDENTITY = "iPhone Developer";
				COPY_PHASE_STRIP = NO;
				DEBUG_INFORMATION_FORMAT = "dwarf-with-dsym";
				ENABLE_NS_ASSERTIONS = NO;
				ENABLE_STRICT_OBJC_MSGSEND = YES;
				GCC_C_LANGUAGE_STANDARD = gnu11;
				GCC_NO_COMMON_BLOCKS = YES;
				GCC_WARN_64_TO_32_BIT_CONVERSION = YES;
				GCC_WARN_ABOUT_RETURN_TYPE = YES_ERROR;
				GCC_WARN_UNDECLARED_SELECTOR = YES;
				GCC_WARN_UNINITIALIZED_AUTOS = YES_AGGRESSIVE;
				GCC_WARN_UNUSED_FUNCTION = YES;
				GCC_WARN_UNUSED_VARIABLE = YES;
				IPHONEOS_DEPLOYMENT_TARGET = 11.2;
				MTL_ENABLE_DEBUG_INFO = NO;
				SDKROOT = iphoneos;
				SWIFT_OPTIMIZATION_LEVEL = "-Owholemodule";
				VALIDATE_PRODUCT = YES;
			};
			name = Release;
		};
		D451D00A20282C8C000E19A3 /* Debug */ = {
			isa = XCBuildConfiguration;
			baseConfigurationReference = D0F018AB809448D6C82927B5 /* Pods-ParseChat.debug.xcconfig */;
			buildSettings = {
				ASSETCATALOG_COMPILER_APPICON_NAME = AppIcon;
				CODE_SIGN_STYLE = Automatic;
				INFOPLIST_FILE = ParseChat/Info.plist;
				LD_RUNPATH_SEARCH_PATHS = "$(inherited) @executable_path/Frameworks";
				PRODUCT_BUNDLE_IDENTIFIER = com.dhriti.ParseChat;
				PRODUCT_NAME = "$(TARGET_NAME)";
				SWIFT_VERSION = 4.0;
				TARGETED_DEVICE_FAMILY = "1,2";
			};
			name = Debug;
		};
		D451D00B20282C8C000E19A3 /* Release */ = {
			isa = XCBuildConfiguration;
			baseConfigurationReference = 7CF2C519334D7ED0406801D6 /* Pods-ParseChat.release.xcconfig */;
			buildSettings = {
				ASSETCATALOG_COMPILER_APPICON_NAME = AppIcon;
				CODE_SIGN_STYLE = Automatic;
				INFOPLIST_FILE = ParseChat/Info.plist;
				LD_RUNPATH_SEARCH_PATHS = "$(inherited) @executable_path/Frameworks";
				PRODUCT_BUNDLE_IDENTIFIER = com.dhriti.ParseChat;
				PRODUCT_NAME = "$(TARGET_NAME)";
				SWIFT_VERSION = 4.0;
				TARGETED_DEVICE_FAMILY = "1,2";
			};
			name = Release;
		};
		D451D00D20282C8C000E19A3 /* Debug */ = {
			isa = XCBuildConfiguration;
			baseConfigurationReference = 07E949C4A771F444864258FE /* Pods-ParseChatTests.debug.xcconfig */;
			buildSettings = {
				ALWAYS_EMBED_SWIFT_STANDARD_LIBRARIES = YES;
				BUNDLE_LOADER = "$(TEST_HOST)";
				CODE_SIGN_STYLE = Automatic;
				INFOPLIST_FILE = ParseChatTests/Info.plist;
				LD_RUNPATH_SEARCH_PATHS = "$(inherited) @executable_path/Frameworks @loader_path/Frameworks";
				PRODUCT_BUNDLE_IDENTIFIER = com.dhriti.ParseChatTests;
				PRODUCT_NAME = "$(TARGET_NAME)";
				SWIFT_VERSION = 4.0;
				TARGETED_DEVICE_FAMILY = "1,2";
				TEST_HOST = "$(BUILT_PRODUCTS_DIR)/ParseChat.app/ParseChat";
			};
			name = Debug;
		};
		D451D00E20282C8C000E19A3 /* Release */ = {
			isa = XCBuildConfiguration;
			baseConfigurationReference = 335FF7A86E884844D2AC9E4C /* Pods-ParseChatTests.release.xcconfig */;
			buildSettings = {
				ALWAYS_EMBED_SWIFT_STANDARD_LIBRARIES = YES;
				BUNDLE_LOADER = "$(TEST_HOST)";
				CODE_SIGN_STYLE = Automatic;
				INFOPLIST_FILE = ParseChatTests/Info.plist;
				LD_RUNPATH_SEARCH_PATHS = "$(inherited) @executable_path/Frameworks @loader_path/Frameworks";
				PRODUCT_BUNDLE_IDENTIFIER = com.dhriti.ParseChatTests;
				PRODUCT_NAME = "$(TARGET_NAME)";
				SWIFT_VERSION = 4.0;
				TARGETED_DEVICE_FAMILY = "1,2";
				TEST_HOST = "$(BUILT_PRODUCTS_DIR)/ParseChat.app/ParseChat";
			};
			name = Release;
		};
		D451D01020282C8C000E19A3 /* Debug */ = {
			isa = XCBuildConfiguration;
			baseConfigurationReference = 39A2784B4101AC4C761D4B6A /* Pods-ParseChatUITests.debug.xcconfig */;
			buildSettings = {
				ALWAYS_EMBED_SWIFT_STANDARD_LIBRARIES = YES;
				CODE_SIGN_STYLE = Automatic;
				INFOPLIST_FILE = ParseChatUITests/Info.plist;
				LD_RUNPATH_SEARCH_PATHS = "$(inherited) @executable_path/Frameworks @loader_path/Frameworks";
				PRODUCT_BUNDLE_IDENTIFIER = com.dhriti.ParseChatUITests;
				PRODUCT_NAME = "$(TARGET_NAME)";
				SWIFT_VERSION = 4.0;
				TARGETED_DEVICE_FAMILY = "1,2";
				TEST_TARGET_NAME = ParseChat;
			};
			name = Debug;
		};
		D451D01120282C8C000E19A3 /* Release */ = {
			isa = XCBuildConfiguration;
			baseConfigurationReference = BD44DFE1AC85B6150AF14686 /* Pods-ParseChatUITests.release.xcconfig */;
			buildSettings = {
				ALWAYS_EMBED_SWIFT_STANDARD_LIBRARIES = YES;
				CODE_SIGN_STYLE = Automatic;
				INFOPLIST_FILE = ParseChatUITests/Info.plist;
				LD_RUNPATH_SEARCH_PATHS = "$(inherited) @executable_path/Frameworks @loader_path/Frameworks";
				PRODUCT_BUNDLE_IDENTIFIER = com.dhriti.ParseChatUITests;
				PRODUCT_NAME = "$(TARGET_NAME)";
				SWIFT_VERSION = 4.0;
				TARGETED_DEVICE_FAMILY = "1,2";
				TEST_TARGET_NAME = ParseChat;
			};
			name = Release;
		};
/* End XCBuildConfiguration section */

/* Begin XCConfigurationList section */
		D451CFDC20282C8B000E19A3 /* Build configuration list for PBXProject "ParseChat" */ = {
			isa = XCConfigurationList;
			buildConfigurations = (
				D451D00720282C8C000E19A3 /* Debug */,
				D451D00820282C8C000E19A3 /* Release */,
			);
			defaultConfigurationIsVisible = 0;
			defaultConfigurationName = Release;
		};
		D451D00920282C8C000E19A3 /* Build configuration list for PBXNativeTarget "ParseChat" */ = {
			isa = XCConfigurationList;
			buildConfigurations = (
				D451D00A20282C8C000E19A3 /* Debug */,
				D451D00B20282C8C000E19A3 /* Release */,
			);
			defaultConfigurationIsVisible = 0;
			defaultConfigurationName = Release;
		};
		D451D00C20282C8C000E19A3 /* Build configuration list for PBXNativeTarget "ParseChatTests" */ = {
			isa = XCConfigurationList;
			buildConfigurations = (
				D451D00D20282C8C000E19A3 /* Debug */,
				D451D00E20282C8C000E19A3 /* Release */,
			);
			defaultConfigurationIsVisible = 0;
			defaultConfigurationName = Release;
		};
		D451D00F20282C8C000E19A3 /* Build configuration list for PBXNativeTarget "ParseChatUITests" */ = {
			isa = XCConfigurationList;
			buildConfigurations = (
				D451D01020282C8C000E19A3 /* Debug */,
				D451D01120282C8C000E19A3 /* Release */,
			);
			defaultConfigurationIsVisible = 0;
			defaultConfigurationName = Release;
		};
/* End XCConfigurationList section */
	};
	rootObject = D451CFD920282C8B000E19A3 /* Project object */;
}
